<?xml version="1.0" encoding="utf-8"?>
<Project ToolsVersion="4.0" xmlns="http://schemas.microsoft.com/developer/msbuild/2003">
  <ItemGroup>
    <Filter Include="源文件">
      <UniqueIdentifier>{4FC737F1-C7A5-4376-A066-2A32D752A2FF}</UniqueIdentifier>
      <Extensions>cpp;c;cc;cxx;def;odl;idl;hpj;bat;asm;asmx</Extensions>
    </Filter>
    <Filter Include="头文件">
      <UniqueIdentifier>{93995380-89BD-4b04-88EB-625FBE52EBFB}</UniqueIdentifier>
      <Extensions>h;hh;hpp;hxx;hm;inl;inc;ipp;xsd</Extensions>
    </Filter>
    <Filter Include="资源文件">
      <UniqueIdentifier>{67DA6AB6-F800-4c08-8B7A-83BB121AAD01}</UniqueIdentifier>
      <Extensions>rc;ico;cur;bmp;dlg;rc2;rct;bin;rgs;gif;jpg;jpeg;jpe;resx;tiff;tif;png;wav;mfcribbon-ms</Extensions>
    </Filter>
    <Filter Include="源文件\lib">
      <UniqueIdentifier>{4644c219-c6c9-4e2a-b9f5-24114282d14a}</UniqueIdentifier>
    </Filter>
    <Filter Include="头文件\lib">
      <UniqueIdentifier>{955d32a2-9c75-43c7-ae92-095db8f0549d}</UniqueIdentifier>
    </Filter>
    <Filter Include="源文件\Components">
      <UniqueIdentifier>{ae3f1da1-1d72-4e1c-abed-f2f005a9e6f8}</UniqueIdentifier>
    </Filter>
    <Filter Include="源文件\Core">
      <UniqueIdentifier>{a2716673-f03f-44be-8323-0f4973ca0b4c}</UniqueIdentifier>
    </Filter>
    <Filter Include="源文件\Assets">
      <UniqueIdentifier>{0deb1d9f-00dd-47a6-bf86-8acb69c9e4bd}</UniqueIdentifier>
    </Filter>
    <Filter Include="源文件\Managers">
      <UniqueIdentifier>{f5b08f63-fbf5-4874-a77f-59b4f34488e1}</UniqueIdentifier>
    </Filter>
    <Filter Include="源文件\Systems">
      <UniqueIdentifier>{e2bcc31b-052b-4d88-95f6-6858b101513d}</UniqueIdentifier>
    </Filter>
    <Filter Include="源文件\Scenes">
      <UniqueIdentifier>{7d720db7-445f-4cbf-9566-760fe2479796}</UniqueIdentifier>
    </Filter>
  </ItemGroup>
  <ItemGroup>
    <ClCompile Include="main.cpp">
      <Filter>源文件</Filter>
    </ClCompile>
    <ClCompile Include="..\..\glad\src\glad.c">
      <Filter>源文件\lib</Filter>
    </ClCompile>
    <ClCompile Include="stb_image.cpp">
      <Filter>源文件\lib</Filter>
    </ClCompile>
    <ClCompile Include="Config.h">
      <Filter>头文件</Filter>
    </ClCompile>
    <ClCompile Include="!First.cpp">
      <Filter>源文件</Filter>
    </ClCompile>
    <ClCompile Include="Camera.cpp">
      <Filter>源文件\Components</Filter>
    </ClCompile>
    <ClCompile Include="Component.cpp">
      <Filter>源文件\Components</Filter>
    </ClCompile>
    <ClCompile Include="ConfigData.cpp">
      <Filter>源文件\Core</Filter>
    </ClCompile>
    <ClCompile Include="BoundingBox.cpp">
      <Filter>源文件\Components</Filter>
    </ClCompile>
    <ClCompile Include="Asset.cpp">
      <Filter>源文件\Assets</Filter>
    </ClCompile>
    <ClCompile Include="AssetsPool.cpp">
      <Filter>源文件\Assets</Filter>
    </ClCompile>
    <ClCompile Include="AnimatableAttr.cpp">
      <Filter>源文件\Core</Filter>
    </ClCompile>
    <ClCompile Include="ConfigurableComponent.cpp">
      <Filter>源文件\Components</Filter>
    </ClCompile>
    <ClCompile Include="Enemy.cpp">
      <Filter>源文件\Components</Filter>
    </ClCompile>
    <ClCompile Include="Entity.cpp">
      <Filter>源文件\Components</Filter>
    </ClCompile>
    <ClCompile Include="EventManager.cpp">
      <Filter>源文件\Managers</Filter>
    </ClCompile>
    <ClCompile Include="GameManager.cpp">
      <Filter>源文件\Managers</Filter>
    </ClCompile>
    <ClCompile Include="Image.cpp">
      <Filter>源文件\Components</Filter>
    </ClCompile>
    <ClCompile Include="Light.cpp">
      <Filter>源文件\Components</Filter>
    </ClCompile>
    <ClCompile Include="MainScene.cpp">
      <Filter>源文件\Scenes</Filter>
    </ClCompile>
    <ClCompile Include="GameOverScene.cpp">
      <Filter>源文件\Scenes</Filter>
    </ClCompile>
    <ClCompile Include="GameException.cpp">
      <Filter>源文件\Core</Filter>
    </ClCompile>
    <ClCompile Include="MainSceneSystem.cpp">
      <Filter>源文件\Systems</Filter>
    </ClCompile>
    <ClCompile Include="ManagerBase.cpp">
      <Filter>源文件\Managers</Filter>
    </ClCompile>
    <ClCompile Include="Material.cpp">
      <Filter>源文件\Assets</Filter>
    </ClCompile>
    <ClCompile Include="Mesh.cpp">
      <Filter>源文件\Assets</Filter>
    </ClCompile>
    <ClCompile Include="Model.cpp">
      <Filter>源文件\Assets</Filter>
    </ClCompile>
    <ClCompile Include="Node.cpp">
      <Filter>源文件\Scenes</Filter>
    </ClCompile>
    <ClCompile Include="Scene.cpp">
      <Filter>源文件\Scenes</Filter>
    </ClCompile>
    <ClCompile Include="OpenGLAdapter.cpp">
      <Filter>源文件\Core</Filter>
    </ClCompile>
    <ClCompile Include="PhysicsSystem.cpp">
      <Filter>源文件\Systems</Filter>
    </ClCompile>
    <ClCompile Include="RenderData.cpp">
      <Filter>源文件\Core</Filter>
    </ClCompile>
    <ClCompile Include="RenderSystem.cpp">
      <Filter>源文件\Systems</Filter>
    </ClCompile>
    <ClCompile Include="Rock.cpp">
      <Filter>源文件\Components</Filter>
    </ClCompile>
    <ClCompile Include="Rigidbody.cpp">
      <Filter>源文件\Components</Filter>
    </ClCompile>
    <ClCompile Include="Texture.cpp">
      <Filter>源文件\Assets</Filter>
    </ClCompile>
    <ClCompile Include="Updatable.cpp">
      <Filter>源文件\Core</Filter>
    </ClCompile>
    <ClCompile Include="Skybox.cpp">
      <Filter>源文件\Components</Filter>
    </ClCompile>
    <ClCompile Include="Sprite.cpp">
      <Filter>源文件\Assets</Filter>
    </ClCompile>
    <ClCompile Include="Transform.cpp">
      <Filter>源文件\Components</Filter>
    </ClCompile>
    <ClCompile Include="SpaceShipControl.cpp">
      <Filter>源文件\Components</Filter>
    </ClCompile>
    <ClCompile Include="Shader.cpp">
      <Filter>源文件\Assets</Filter>
    </ClCompile>
    <ClCompile Include="SceneManager.cpp">
      <Filter>源文件\Scenes</Filter>
    </ClCompile>
    <ClCompile Include="RenderableComponent.cpp">
      <Filter>源文件\Components</Filter>
    </ClCompile>
  </ItemGroup>
  <ItemGroup>
    <ClInclude Include="Camera.h">
      <Filter>头文件</Filter>
    </ClInclude>
    <ClInclude Include="Scene.h">
      <Filter>头文件</Filter>
    </ClInclude>
    <ClInclude Include="Light.h">
      <Filter>头文件</Filter>
    </ClInclude>
    <ClInclude Include="stb_image.h">
      <Filter>头文件\lib</Filter>
    </ClInclude>
    <ClInclude Include="GameException.h">
      <Filter>头文件</Filter>
    </ClInclude>
    <ClInclude Include="Node.h">
      <Filter>头文件</Filter>
    </ClInclude>
    <ClInclude Include="GameManager.h">
      <Filter>头文件</Filter>
    </ClInclude>
    <ClInclude Include="SceneManager.h">
      <Filter>头文件</Filter>
    </ClInclude>
    <ClInclude Include="OpenGLAdapter.h">
      <Filter>头文件</Filter>
    </ClInclude>
    <ClInclude Include="AnimatableAttr.h">
      <Filter>头文件</Filter>
    </ClInclude>
    <ClInclude Include="Component.h">
      <Filter>头文件</Filter>
    </ClInclude>
    <ClInclude Include="Transform.h">
      <Filter>头文件</Filter>
    </ClInclude>
    <ClInclude Include="ConfigurableComponent.h">
      <Filter>头文件</Filter>
    </ClInclude>
    <ClInclude Include="RenderableComponent.h">
      <Filter>头文件</Filter>
    </ClInclude>
    <ClInclude Include="Asset.h">
      <Filter>头文件</Filter>
    </ClInclude>
    <ClInclude Include="SpaceShipControl.h">
      <Filter>头文件</Filter>
    </ClInclude>
    <ClInclude Include="resource.h">
      <Filter>头文件</Filter>
    </ClInclude>
    <ClInclude Include="Skybox.h">
      <Filter>头文件</Filter>
    </ClInclude>
    <ClInclude Include="Entity.h">
      <Filter>头文件</Filter>
    </ClInclude>
    <ClInclude Include="Model.h">
      <Filter>头文件</Filter>
    </ClInclude>
    <ClInclude Include="Material.h">
      <Filter>头文件</Filter>
    </ClInclude>
    <ClInclude Include="Texture.h">
      <Filter>头文件</Filter>
    </ClInclude>
    <ClInclude Include="Shader.h">
      <Filter>头文件</Filter>
    </ClInclude>
    <ClInclude Include="ConfigData.h">
      <Filter>头文件</Filter>
    </ClInclude>
    <ClInclude Include="RenderData.h">
      <Filter>头文件</Filter>
    </ClInclude>
    <ClInclude Include="Mesh.h">
      <Filter>头文件</Filter>
    </ClInclude>
    <ClInclude Include="Rigidbody.h">
      <Filter>头文件</Filter>
    </ClInclude>
    <ClInclude Include="BoundingBox.h">
      <Filter>头文件</Filter>
    </ClInclude>
    <ClInclude Include="AssetsPool.h">
      <Filter>头文件</Filter>
    </ClInclude>
    <ClInclude Include="MainScene.h">
      <Filter>头文件</Filter>
    </ClInclude>
    <ClInclude Include="ManagerBase.h">
      <Filter>头文件</Filter>
    </ClInclude>
    <ClInclude Include="EventManager.h">
      <Filter>头文件</Filter>
    </ClInclude>
    <ClInclude Include="Rock.h">
      <Filter>头文件</Filter>
    </ClInclude>
    <ClInclude Include="Enemy.h">
      <Filter>头文件</Filter>
    </ClInclude>
    <ClInclude Include="GameOverScene.h">
      <Filter>头文件</Filter>
    </ClInclude>
    <ClInclude Include="Updatable.h">
      <Filter>头文件</Filter>
    </ClInclude>
    <ClInclude Include="RenderSystem.h">
      <Filter>头文件</Filter>
    </ClInclude>
    <ClInclude Include="PhysicsSystem.h">
      <Filter>头文件</Filter>
    </ClInclude>
    <ClInclude Include="MainSceneSystem.h">
      <Filter>头文件</Filter>
    </ClInclude>
    <ClInclude Include="Image.h">
      <Filter>头文件</Filter>
    </ClInclude>
    <ClInclude Include="Sprite.h">
      <Filter>头文件</Filter>
    </ClInclude>
  </ItemGroup>
  <ItemGroup>
    <None Include="fShader.glsl">
      <Filter>资源文件</Filter>
    </None>
    <None Include="lShader.glsl">
      <Filter>资源文件</Filter>
    </None>
    <None Include="mfShader.glsl">
      <Filter>资源文件</Filter>
    </None>
    <None Include="mvShader.glsl">
      <Filter>资源文件</Filter>
    </None>
    <None Include="vShader.glsl">
      <Filter>资源文件</Filter>
    </None>
    <None Include="skyVShader.glsl">
      <Filter>资源文件</Filter>
    </None>
    <None Include="bbVShader.glsl">
      <Filter>资源文件</Filter>
    </None>
    <None Include="gShader.glsl">
      <Filter>资源文件</Filter>
    </None>
    <None Include="类图.cd" />
  </ItemGroup>
  <ItemGroup>
    <Text Include="skyFShader.glsl">
      <Filter>资源文件</Filter>
    </Text>
    <Text Include="bbFShader.glsl">
      <Filter>资源文件</Filter>
    </Text>
    <Text Include="uiVShader.glsl">
      <Filter>资源文件</Filter>
    </Text>
    <Text Include="uiFShader.glsl">
      <Filter>资源文件</Filter>
    </Text>
  </ItemGroup>
</Project>